
Microsoft Visual Studio Solution File, Format Version 12.00
# Visual Studio Version 16
VisualStudioVersion = 16.0.30523.141
MinimumVisualStudioVersion = 10.0.40219.1
Project("{FAE04EC0-301F-11D3-BF4B-00C04F79EFBC}") = "CRUFL_HGQR", "CRUFL_HGQR\CRUFL_HGQR.csproj", "{04D48B37-B80F-4460-90D2-6489E7D6949A}"
EndProject
Global
	GlobalSection(SolutionConfigurationPlatforms) = preSolution
		Debug|Any CPU = Debug|Any CPU
		Release|Any CPU = Release|Any CPU
	EndGlobalSection
	GlobalSection(ProjectConfigurationPlatforms) = postSolution
		{04D48B37-B80F-4460-90D2-6489E7D6949A}.Debug|Any CPU.ActiveCfg = Debug|Any CPU
		{04D48B37-B80F-4460-90D2-6489E7D6949A}.Debug|Any CPU.Build.0 = Debug|Any CPU
		{04D48B37-B80F-4460-90D2-6489E7D6949A}.Release|Any CPU.ActiveCfg = Release|Any CPU
		{04D48B37-B80F-4460-90D2-6489E7D6949A}.Release|Any CPU.Build.0 = Release|Any CPU
	EndGlobalSection
	GlobalSection(SolutionProperties) = preSolution
		HideSolutionNode = FALSE
	EndGlobalSection
	GlobalSection(ExtensibilityGlobals) = postSolution
		SolutionGuid = {8B37DF6B-C858-444A-8A1E-944669B9AE5F}
	EndGlobalSection
EndGlobal
